
Microsoft Visual Studio Solution File, Format Version 12.00
Project("{2150E333-8FDC-42A3-9474-1A3956D46DE8}") = "Solution Items", "Solution Items", "{60CD7CA3-13D3-48D5-B9BA-65AC0C136624}"
	ProjectSection(SolutionItems) = preProject
		NuGet.Config = NuGet.Config
		.github\workflows\nuget-publish.yml = .github\workflows\nuget-publish.yml
	EndProjectSection
EndProject
Project("{FAE04EC0-301F-11D3-BF4B-00C04F79EFBC}") = "WiSave.Shared.Types", "WiSave.Shared.Types\WiSave.Shared.Types.csproj", "{4260185B-AA6A-4BCE-9F0D-F1C1AC42F294}"
EndProject
Global
	GlobalSection(SolutionConfigurationPlatforms) = preSolution
		Debug|Any CPU = Debug|Any CPU
		Release|Any CPU = Release|Any CPU
	EndGlobalSection
	GlobalSection(ProjectConfigurationPlatforms) = postSolution
		{4260185B-AA6A-4BCE-9F0D-F1C1AC42F294}.Debug|Any CPU.ActiveCfg = Debug|Any CPU
		{4260185B-AA6A-4BCE-9F0D-F1C1AC42F294}.Debug|Any CPU.Build.0 = Debug|Any CPU
		{4260185B-AA6A-4BCE-9F0D-F1C1AC42F294}.Release|Any CPU.ActiveCfg = Release|Any CPU
		{4260185B-AA6A-4BCE-9F0D-F1C1AC42F294}.Release|Any CPU.Build.0 = Release|Any CPU
	EndGlobalSection
EndGlobal
